{
  "version": 4,
  "terraform_version": "1.3.4",
  "serial": 14,
  "lineage": "0cab7106-7377-3de2-d22b-497d09cffdb6",
  "outputs": {
    "hello_base_url": {
      "value": "https://aqi0r81q57.execute-api.eu-west-2.amazonaws.com/dev",
      "type": "string"
    }
  },
  "resources": [
    {
      "mode": "data",
      "type": "archive_file",
      "name": "lambda",
      "provider": "provider[\"registry.terraform.io/hashicorp/archive\"]",
      "instances": [
        {
          "schema_version": 0,
          "attributes": {
            "exclude_symlink_directories": null,
            "excludes": null,
            "id": "6bd82a8a18ee0876da859c604756b22b944de67b",
            "output_base64sha256": "bQAMtFKClQXeaJfQI5mb89gj9g5/vt19ZkN62EotLzc=",
            "output_base64sha512": "Dg0lYiMIh+xdPs0O+FwOV+Y8r9g6O6vs84nNTlArhJD2CagR/2F9sjriHHVrdtZlhzwaF1yHFo+FUyX98mb/bg==",
            "output_file_mode": null,
            "output_md5": "20019e74521a3d2b03ddf2338b631ee2",
            "output_path": "nodejs-function.zip",
            "output_sha": "6bd82a8a18ee0876da859c604756b22b944de67b",
            "output_sha256": "6d000cb452829505de6897d023999bf3d823f60e7fbedd7d66437ad84a2d2f37",
            "output_sha512": "0e0d2562230887ec5d3ecd0ef85c0e57e63cafd83a3babecf389cd4e502b8490f609a811ff617db23ae21c756b76d665873c1a175c87168f855325fdf266ff6e",
            "output_size": 471,
            "source": [],
            "source_content": null,
            "source_content_filename": null,
            "source_dir": null,
            "source_file": "nodejs-function.js",
            "type": "zip"
          },
          "sensitive_attributes": []
        }
      ]
    },
    {
      "mode": "managed",
      "type": "aws_apigatewayv2_api",
      "name": "apigateway_lambda",
      "provider": "provider[\"registry.terraform.io/hashicorp/aws\"]",
      "instances": [
        {
          "schema_version": 0,
          "attributes": {
            "api_endpoint": "https://aqi0r81q57.execute-api.eu-west-2.amazonaws.com",
            "api_key_selection_expression": "$request.header.x-api-key",
            "arn": "arn:aws:apigateway:eu-west-2::/apis/aqi0r81q57",
            "body": null,
            "cors_configuration": [],
            "credentials_arn": null,
            "description": "",
            "disable_execute_api_endpoint": false,
            "execution_arn": "arn:aws:execute-api:eu-west-2:102606713510:aqi0r81q57",
            "fail_on_warnings": null,
            "id": "aqi0r81q57",
            "name": "apigateway",
            "protocol_type": "HTTP",
            "route_key": null,
            "route_selection_expression": "$request.method $request.path",
            "tags": {},
            "tags_all": {},
            "target": null,
            "version": ""
          },
          "sensitive_attributes": [],
          "private": "bnVsbA=="
        }
      ]
    },
    {
      "mode": "managed",
      "type": "aws_apigatewayv2_integration",
      "name": "lambda_hello",
      "provider": "provider[\"registry.terraform.io/hashicorp/aws\"]",
      "instances": [
        {
          "schema_version": 0,
          "attributes": {
            "api_id": "aqi0r81q57",
            "connection_id": "",
            "connection_type": "INTERNET",
            "content_handling_strategy": "",
            "credentials_arn": "",
            "description": "",
            "id": "rdus166",
            "integration_method": "POST",
            "integration_response_selection_expression": "",
            "integration_subtype": "",
            "integration_type": "AWS_PROXY",
            "integration_uri": "arn:aws:apigateway:eu-west-2:lambda:path/2015-03-31/functions/arn:aws:lambda:eu-west-2:102606713510:function:lambda_function_nodejs/invocations",
            "passthrough_behavior": "",
            "payload_format_version": "1.0",
            "request_parameters": {},
            "request_templates": {},
            "response_parameters": [],
            "template_selection_expression": "",
            "timeout_milliseconds": 30000,
            "tls_config": []
          },
          "sensitive_attributes": [],
          "private": "bnVsbA==",
          "dependencies": [
            "aws_apigatewayv2_api.apigateway_lambda",
            "aws_iam_role.lambda_role",
            "aws_lambda_function.lambda_nodejs",
            "data.archive_file.lambda"
          ]
        }
      ]
    },
    {
      "mode": "managed",
      "type": "aws_apigatewayv2_route",
      "name": "get_hello",
      "provider": "provider[\"registry.terraform.io/hashicorp/aws\"]",
      "instances": [
        {
          "schema_version": 0,
          "attributes": {
            "api_id": "aqi0r81q57",
            "api_key_required": false,
            "authorization_scopes": [],
            "authorization_type": "NONE",
            "authorizer_id": "",
            "id": "f6nr2ua",
            "model_selection_expression": "",
            "operation_name": "",
            "request_models": {},
            "request_parameter": [],
            "route_key": "GET /hello",
            "route_response_selection_expression": "",
            "target": "integrations/rdus166"
          },
          "sensitive_attributes": [],
          "private": "bnVsbA==",
          "dependencies": [
            "aws_apigatewayv2_api.apigateway_lambda",
            "aws_apigatewayv2_integration.lambda_hello",
            "aws_iam_role.lambda_role",
            "aws_lambda_function.lambda_nodejs",
            "data.archive_file.lambda"
          ]
        }
      ]
    },
    {
      "mode": "managed",
      "type": "aws_apigatewayv2_route",
      "name": "post_hello",
      "provider": "provider[\"registry.terraform.io/hashicorp/aws\"]",
      "instances": [
        {
          "schema_version": 0,
          "attributes": {
            "api_id": "aqi0r81q57",
            "api_key_required": false,
            "authorization_scopes": [],
            "authorization_type": "NONE",
            "authorizer_id": "",
            "id": "mr61lzp",
            "model_selection_expression": "",
            "operation_name": "",
            "request_models": {},
            "request_parameter": [],
            "route_key": "POST /hello",
            "route_response_selection_expression": "",
            "target": "integrations/rdus166"
          },
          "sensitive_attributes": [],
          "private": "bnVsbA==",
          "dependencies": [
            "aws_apigatewayv2_api.apigateway_lambda",
            "aws_apigatewayv2_integration.lambda_hello",
            "aws_iam_role.lambda_role",
            "aws_lambda_function.lambda_nodejs",
            "data.archive_file.lambda"
          ]
        }
      ]
    },
    {
      "mode": "managed",
      "type": "aws_apigatewayv2_stage",
      "name": "dev",
      "provider": "provider[\"registry.terraform.io/hashicorp/aws\"]",
      "instances": [
        {
          "schema_version": 0,
          "attributes": {
            "access_log_settings": [
              {
                "destination_arn": "arn:aws:logs:eu-west-2:102606713510:log-group:/aws/api-gw/apigateway",
                "format": "{\"httpMethod\":\"$context.httpMethod\",\"integrationErrorMessage\":\"$context.integrationErrorMessage\",\"protocol\":\"$context.protocol\",\"requestId\":\"$context.requestId\",\"requestTime\":\"$context.requestTime\",\"resourcePath\":\"$context.resourcePath\",\"responseLength\":\"$context.responseLength\",\"routeKey\":\"$context.routeKey\",\"sourceIp\":\"$context.identity.sourceIp\",\"status\":\"$context.status\"}"
              }
            ],
            "api_id": "aqi0r81q57",
            "arn": "arn:aws:apigateway:eu-west-2::/apis/aqi0r81q57/stages/dev",
            "auto_deploy": true,
            "client_certificate_id": "",
            "default_route_settings": [
              {
                "data_trace_enabled": false,
                "detailed_metrics_enabled": false,
                "logging_level": "",
                "throttling_burst_limit": 0,
                "throttling_rate_limit": 0
              }
            ],
            "deployment_id": "jkfeck",
            "description": "",
            "execution_arn": "arn:aws:execute-api:eu-west-2:102606713510:aqi0r81q57/dev",
            "id": "dev",
            "invoke_url": "https://aqi0r81q57.execute-api.eu-west-2.amazonaws.com/dev",
            "name": "dev",
            "route_settings": [],
            "stage_variables": {},
            "tags": {},
            "tags_all": {}
          },
          "sensitive_attributes": [],
          "private": "bnVsbA==",
          "dependencies": [
            "aws_apigatewayv2_api.apigateway_lambda",
            "aws_cloudwatch_log_group.main_api_gw"
          ]
        }
      ]
    },
    {
      "mode": "managed",
      "type": "aws_cloudwatch_log_group",
      "name": "main_api_gw",
      "provider": "provider[\"registry.terraform.io/hashicorp/aws\"]",
      "instances": [
        {
          "schema_version": 0,
          "attributes": {
            "arn": "arn:aws:logs:eu-west-2:102606713510:log-group:/aws/api-gw/apigateway",
            "id": "/aws/api-gw/apigateway",
            "kms_key_id": "",
            "name": "/aws/api-gw/apigateway",
            "name_prefix": "",
            "retention_in_days": 14,
            "skip_destroy": false,
            "tags": {},
            "tags_all": {}
          },
          "sensitive_attributes": [],
          "private": "bnVsbA==",
          "dependencies": [
            "aws_apigatewayv2_api.apigateway_lambda"
          ]
        }
      ]
    },
    {
      "mode": "managed",
      "type": "aws_iam_policy",
      "name": "lambda_policy",
      "provider": "provider[\"registry.terraform.io/hashicorp/aws\"]",
      "instances": [
        {
          "schema_version": 0,
          "attributes": {
            "arn": "arn:aws:iam::102606713510:policy/lambda_policy",
            "description": "lambda-policy",
            "id": "arn:aws:iam::102606713510:policy/lambda_policy",
            "name": "lambda_policy",
            "name_prefix": "",
            "path": "/",
            "policy": "{\"Statement\":[{\"Action\":[\"logs:CreateLogStream\",\"logs:CreateLogGroup\",\"logs:PutLogEvents\"],\"Effect\":\"Allow\",\"Resource\":\"*\",\"Sid\":\"VisualEditor0\"}],\"Version\":\"2012-10-17\"}",
            "policy_id": "ANPARPY6WGKTNNIW7A4DP",
            "tags": {},
            "tags_all": {}
          },
          "sensitive_attributes": [],
          "private": "bnVsbA=="
        }
      ]
    },
    {
      "mode": "managed",
      "type": "aws_iam_role",
      "name": "lambda_role",
      "provider": "provider[\"registry.terraform.io/hashicorp/aws\"]",
      "instances": [
        {
          "schema_version": 0,
          "attributes": {
            "arn": "arn:aws:iam::102606713510:role/iam_for_lambda",
            "assume_role_policy": "{\"Statement\":[{\"Action\":[\"sts:AssumeRole\"],\"Effect\":\"Allow\",\"Principal\":{\"Service\":[\"lambda.amazonaws.com\"]}}],\"Version\":\"2012-10-17\"}",
            "create_date": "2023-08-02T11:10:04Z",
            "description": "",
            "force_detach_policies": false,
            "id": "iam_for_lambda",
            "inline_policy": [],
            "managed_policy_arns": [
              "arn:aws:iam::102606713510:policy/lambda_policy"
            ],
            "max_session_duration": 3600,
            "name": "iam_for_lambda",
            "name_prefix": "",
            "path": "/",
            "permissions_boundary": null,
            "tags": {},
            "tags_all": {},
            "unique_id": "AROARPY6WGKTEFNXYTYZY"
          },
          "sensitive_attributes": [],
          "private": "bnVsbA=="
        }
      ]
    },
    {
      "mode": "managed",
      "type": "aws_iam_role_policy_attachment",
      "name": "lambda-attach",
      "provider": "provider[\"registry.terraform.io/hashicorp/aws\"]",
      "instances": [
        {
          "schema_version": 0,
          "attributes": {
            "id": "iam_for_lambda-20230802111005511000000001",
            "policy_arn": "arn:aws:iam::102606713510:policy/lambda_policy",
            "role": "iam_for_lambda"
          },
          "sensitive_attributes": [],
          "private": "bnVsbA==",
          "dependencies": [
            "aws_iam_policy.lambda_policy",
            "aws_iam_role.lambda_role"
          ]
        }
      ]
    },
    {
      "mode": "managed",
      "type": "aws_lambda_function",
      "name": "lambda_nodejs",
      "provider": "provider[\"registry.terraform.io/hashicorp/aws\"]",
      "instances": [
        {
          "schema_version": 0,
          "attributes": {
            "architectures": [
              "x86_64"
            ],
            "arn": "arn:aws:lambda:eu-west-2:102606713510:function:lambda_function_nodejs",
            "code_signing_config_arn": "",
            "dead_letter_config": [],
            "description": "",
            "environment": [],
            "ephemeral_storage": [
              {
                "size": 512
              }
            ],
            "file_system_config": [],
            "filename": "nodejs-function.zip",
            "function_name": "lambda_function_nodejs",
            "handler": "nodejs-function.handler",
            "id": "lambda_function_nodejs",
            "image_config": [],
            "image_uri": "",
            "invoke_arn": "arn:aws:apigateway:eu-west-2:lambda:path/2015-03-31/functions/arn:aws:lambda:eu-west-2:102606713510:function:lambda_function_nodejs/invocations",
            "kms_key_arn": "",
            "last_modified": "2023-08-02T11:10:27.332+0000",
            "layers": [],
            "memory_size": 128,
            "package_type": "Zip",
            "publish": false,
            "qualified_arn": "arn:aws:lambda:eu-west-2:102606713510:function:lambda_function_nodejs:$LATEST",
            "qualified_invoke_arn": "arn:aws:apigateway:eu-west-2:lambda:path/2015-03-31/functions/arn:aws:lambda:eu-west-2:102606713510:function:lambda_function_nodejs:$LATEST/invocations",
            "replace_security_groups_on_destroy": null,
            "replacement_security_group_ids": null,
            "reserved_concurrent_executions": -1,
            "role": "arn:aws:iam::102606713510:role/iam_for_lambda",
            "runtime": "nodejs18.x",
            "s3_bucket": null,
            "s3_key": null,
            "s3_object_version": null,
            "signing_job_arn": "",
            "signing_profile_version_arn": "",
            "skip_destroy": false,
            "snap_start": [],
            "source_code_hash": "bQAMtFKClQXeaJfQI5mb89gj9g5/vt19ZkN62EotLzc=",
            "source_code_size": 471,
            "tags": {},
            "tags_all": {},
            "timeout": 3,
            "timeouts": null,
            "tracing_config": [
              {
                "mode": "PassThrough"
              }
            ],
            "version": "$LATEST",
            "vpc_config": []
          },
          "sensitive_attributes": [],
          "private": "eyJlMmJmYjczMC1lY2FhLTExZTYtOGY4OC0zNDM2M2JjN2M0YzAiOnsiY3JlYXRlIjo2MDAwMDAwMDAwMDAsImRlbGV0ZSI6NjAwMDAwMDAwMDAwLCJ1cGRhdGUiOjYwMDAwMDAwMDAwMH19",
          "dependencies": [
            "aws_iam_role.lambda_role",
            "data.archive_file.lambda"
          ]
        }
      ]
    },
    {
      "mode": "managed",
      "type": "aws_lambda_permission",
      "name": "api_gw",
      "provider": "provider[\"registry.terraform.io/hashicorp/aws\"]",
      "instances": [
        {
          "schema_version": 0,
          "attributes": {
            "action": "lambda:InvokeFunction",
            "event_source_token": null,
            "function_name": "lambda_function_nodejs",
            "function_url_auth_type": null,
            "id": "AllowExecutionFromAPIGateway",
            "principal": "apigateway.amazonaws.com",
            "principal_org_id": null,
            "qualifier": "",
            "source_account": null,
            "source_arn": "arn:aws:execute-api:eu-west-2:102606713510:aqi0r81q57/*/*",
            "statement_id": "AllowExecutionFromAPIGateway",
            "statement_id_prefix": ""
          },
          "sensitive_attributes": [],
          "private": "bnVsbA==",
          "dependencies": [
            "aws_apigatewayv2_api.apigateway_lambda",
            "aws_iam_role.lambda_role",
            "aws_lambda_function.lambda_nodejs",
            "data.archive_file.lambda"
          ]
        }
      ]
    },
    {
      "mode": "managed",
      "type": "aws_s3_bucket",
      "name": "s3-lambda",
      "provider": "provider[\"registry.terraform.io/hashicorp/aws\"]",
      "instances": [
        {
          "schema_version": 0,
          "attributes": {
            "acceleration_status": "",
            "acl": null,
            "arn": "arn:aws:s3:::my-tf-lambda-apigateway-bhargavi",
            "bucket": "my-tf-lambda-apigateway-bhargavi",
            "bucket_domain_name": "my-tf-lambda-apigateway-bhargavi.s3.amazonaws.com",
            "bucket_prefix": "",
            "bucket_regional_domain_name": "my-tf-lambda-apigateway-bhargavi.s3.eu-west-2.amazonaws.com",
            "cors_rule": [],
            "force_destroy": false,
            "grant": [
              {
                "id": "9b28b8e31ba98238710b60c3ec2adf3e5057fd0d34fa8cadc659fa5f11a28fe7",
                "permissions": [
                  "FULL_CONTROL"
                ],
                "type": "CanonicalUser",
                "uri": ""
              }
            ],
            "hosted_zone_id": "Z3GKZC51ZF0DB4",
            "id": "my-tf-lambda-apigateway-bhargavi",
            "lifecycle_rule": [],
            "logging": [],
            "object_lock_configuration": [],
            "object_lock_enabled": false,
            "policy": "",
            "region": "eu-west-2",
            "replication_configuration": [],
            "request_payer": "BucketOwner",
            "server_side_encryption_configuration": [
              {
                "rule": [
                  {
                    "apply_server_side_encryption_by_default": [
                      {
                        "kms_master_key_id": "",
                        "sse_algorithm": "AES256"
                      }
                    ],
                    "bucket_key_enabled": false
                  }
                ]
              }
            ],
            "tags": null,
            "tags_all": {},
            "timeouts": null,
            "versioning": [
              {
                "enabled": false,
                "mfa_delete": false
              }
            ],
            "website": [],
            "website_domain": null,
            "website_endpoint": null
          },
          "sensitive_attributes": [],
          "private": "eyJlMmJmYjczMC1lY2FhLTExZTYtOGY4OC0zNDM2M2JjN2M0YzAiOnsiY3JlYXRlIjoxMjAwMDAwMDAwMDAwLCJkZWxldGUiOjM2MDAwMDAwMDAwMDAsInJlYWQiOjEyMDAwMDAwMDAwMDAsInVwZGF0ZSI6MTIwMDAwMDAwMDAwMH19"
        }
      ]
    }
  ],
  "check_results": null
}
